
Microsoft Visual Studio Solution File, Format Version 12.00
# Visual Studio 15
VisualStudioVersion = 15.0.27924.0
MinimumVisualStudioVersion = 10.0.40219.1
Project("{FAE04EC0-301F-11D3-BF4B-00C04F79EFBC}") = "EmpireStrikesDak.mvc", "EmpireStrikesDak.mvc\EmpireStrikesDak.mvc.csproj", "{7E4A4B8B-E7A7-4C84-97EF-EB9451AC6BA9}"
EndProject
Global
	GlobalSection(SolutionConfigurationPlatforms) = preSolution
		Debug|Any CPU = Debug|Any CPU
		Release|Any CPU = Release|Any CPU
	EndGlobalSection
	GlobalSection(ProjectConfigurationPlatforms) = postSolution
		{7E4A4B8B-E7A7-4C84-97EF-EB9451AC6BA9}.Debug|Any CPU.ActiveCfg = Debug|Any CPU
		{7E4A4B8B-E7A7-4C84-97EF-EB9451AC6BA9}.Debug|Any CPU.Build.0 = Debug|Any CPU
		{7E4A4B8B-E7A7-4C84-97EF-EB9451AC6BA9}.Release|Any CPU.ActiveCfg = Release|Any CPU
		{7E4A4B8B-E7A7-4C84-97EF-EB9451AC6BA9}.Release|Any CPU.Build.0 = Release|Any CPU
	EndGlobalSection
	GlobalSection(SolutionProperties) = preSolution
		HideSolutionNode = FALSE
	EndGlobalSection
	GlobalSection(ExtensibilityGlobals) = postSolution
		SolutionGuid = {C445FAF7-5162-44AE-87A3-F23B3A68F690}
	EndGlobalSection
EndGlobal
